
Microsoft Visual Studio Solution File, Format Version 12.00
# Visual Studio Version 16
VisualStudioVersion = 16.0.33423.256
MinimumVisualStudioVersion = 10.0.40219.1
Project("{FAE04EC0-301F-11D3-BF4B-00C04F79EFBC}") = "TrabajoPractico6", "TrabajoPractico6\TrabajoPractico6.csproj", "{5783185F-E545-47C2-9B60-D55140F56401}"
EndProject
Global
	GlobalSection(SolutionConfigurationPlatforms) = preSolution
		Debug|Any CPU = Debug|Any CPU
		Release|Any CPU = Release|Any CPU
	EndGlobalSection
	GlobalSection(ProjectConfigurationPlatforms) = postSolution
		{5783185F-E545-47C2-9B60-D55140F56401}.Debug|Any CPU.ActiveCfg = Debug|Any CPU
		{5783185F-E545-47C2-9B60-D55140F56401}.Debug|Any CPU.Build.0 = Debug|Any CPU
		{5783185F-E545-47C2-9B60-D55140F56401}.Release|Any CPU.ActiveCfg = Release|Any CPU
		{5783185F-E545-47C2-9B60-D55140F56401}.Release|Any CPU.Build.0 = Release|Any CPU
	EndGlobalSection
	GlobalSection(SolutionProperties) = preSolution
		HideSolutionNode = FALSE
	EndGlobalSection
	GlobalSection(ExtensibilityGlobals) = postSolution
		SolutionGuid = {D94C4979-13CA-41C2-A8A2-01ACC53C18E6}
	EndGlobalSection
EndGlobal
